// !$*UTF8*$!
{
	archiveVersion = 1;
	classes = {
	};
	objectVersion = 48;
	objects = {

/* Begin PBXBuildFile section */
		5F015FFC1F91DB03003C98CB /* InitialScene.sks in Resources */ = {isa = PBXBuildFile; fileRef = 5F015FFB1F91DB03003C98CB /* InitialScene.sks */; };
		5F01600E1F91DB0C003C98CB /* InitialScene.swift in Sources */ = {isa = PBXBuildFile; fileRef = 5F01600D1F91DB0C003C98CB /* InitialScene.swift */; };
		5F0160101F91E0A1003C98CB /* MainScene.sks in Resources */ = {isa = PBXBuildFile; fileRef = 5F01600F1F91E0A1003C98CB /* MainScene.sks */; };
		5F0160121F91E0AA003C98CB /* MainScene.swift in Sources */ = {isa = PBXBuildFile; fileRef = 5F0160111F91E0AA003C98CB /* MainScene.swift */; };
		5F08B9591F818AA30098FB82 /* AppDelegate.swift in Sources */ = {isa = PBXBuildFile; fileRef = 5F08B9581F818AA30098FB82 /* AppDelegate.swift */; };
		5F08B95B1F818AA30098FB82 /* ViewController.swift in Sources */ = {isa = PBXBuildFile; fileRef = 5F08B95A1F818AA30098FB82 /* ViewController.swift */; };
		5F08B95D1F818AA30098FB82 /* Assets.xcassets in Resources */ = {isa = PBXBuildFile; fileRef = 5F08B95C1F818AA30098FB82 /* Assets.xcassets */; };
		5F08B9601F818AA30098FB82 /* Main.storyboard in Resources */ = {isa = PBXBuildFile; fileRef = 5F08B95E1F818AA30098FB82 /* Main.storyboard */; };
		5F08B96C1F818AA30098FB82 /* ApricotTests.swift in Sources */ = {isa = PBXBuildFile; fileRef = 5F08B96B1F818AA30098FB82 /* ApricotTests.swift */; };
		5F08B9771F818AA30098FB82 /* ApricotUITests.swift in Sources */ = {isa = PBXBuildFile; fileRef = 5F08B9761F818AA30098FB82 /* ApricotUITests.swift */; };
		5F14CC3C1F915F2700B46B60 /* ErrorScene.sks in Resources */ = {isa = PBXBuildFile; fileRef = 5F14CC3A1F915F2700B46B60 /* ErrorScene.sks */; };
		5F14CC3D1F915F2700B46B60 /* ErrorScene.swift in Sources */ = {isa = PBXBuildFile; fileRef = 5F14CC3B1F915F2700B46B60 /* ErrorScene.swift */; };
		5F48BDA71F871CFA003DBB86 /* GameScene.swift in Sources */ = {isa = PBXBuildFile; fileRef = 5F48BD951F871CF9003DBB86 /* GameScene.swift */; };
		5F48BDA81F871CFA003DBB86 /* Actions.sks in Resources */ = {isa = PBXBuildFile; fileRef = 5F48BDA51F871CF9003DBB86 /* Actions.sks */; };
		5F48BDA91F871CFA003DBB86 /* GameScene.sks in Resources */ = {isa = PBXBuildFile; fileRef = 5F48BDA61F871CF9003DBB86 /* GameScene.sks */; };
		5F8631D91F84283700BDD38F /* SwiftGit2.framework in Frameworks */ = {isa = PBXBuildFile; fileRef = 5F8631C91F8427EC00BDD38F /* SwiftGit2.framework */; };
		5F9261501F97E942009741CE /* CommitNode.swift in Sources */ = {isa = PBXBuildFile; fileRef = 5F92614F1F97E942009741CE /* CommitNode.swift */; };
		5F9261521F97E955009741CE /* LineNode.swift in Sources */ = {isa = PBXBuildFile; fileRef = 5F9261511F97E955009741CE /* LineNode.swift */; };
		5FB6333A1F82EFFC00E61EFD /* WindowController.swift in Sources */ = {isa = PBXBuildFile; fileRef = 5FB633391F82EFFC00E61EFD /* WindowController.swift */; };
/* End PBXBuildFile section */

/* Begin PBXContainerItemProxy section */
		5F08B9681F818AA30098FB82 /* PBXContainerItemProxy */ = {
			isa = PBXContainerItemProxy;
			containerPortal = 5F08B94D1F818AA30098FB82 /* Project object */;
			proxyType = 1;
			remoteGlobalIDString = 5F08B9541F818AA30098FB82;
			remoteInfo = Apricot;
		};
		5F08B9731F818AA30098FB82 /* PBXContainerItemProxy */ = {
			isa = PBXContainerItemProxy;
			containerPortal = 5F08B94D1F818AA30098FB82 /* Project object */;
			proxyType = 1;
			remoteGlobalIDString = 5F08B9541F818AA30098FB82;
			remoteInfo = Apricot;
		};
		5F38F5F21F8430D20035A720 /* PBXContainerItemProxy */ = {
			isa = PBXContainerItemProxy;
			containerPortal = 5F38F5E81F8430D20035A720 /* Result.xcodeproj */;
			proxyType = 2;
			remoteGlobalIDString = D45480571A9572F5009D7229;
			remoteInfo = "Result-Mac";
		};
		5F38F5F41F8430D20035A720 /* PBXContainerItemProxy */ = {
			isa = PBXContainerItemProxy;
			containerPortal = 5F38F5E81F8430D20035A720 /* Result.xcodeproj */;
			proxyType = 2;
			remoteGlobalIDString = D45480671A9572F5009D7229;
			remoteInfo = "Result-MacTests";
		};
		5F38F5F61F8430D20035A720 /* PBXContainerItemProxy */ = {
			isa = PBXContainerItemProxy;
			containerPortal = 5F38F5E81F8430D20035A720 /* Result.xcodeproj */;
			proxyType = 2;
			remoteGlobalIDString = D454807D1A957361009D7229;
			remoteInfo = "Result-iOS";
		};
		5F38F5F81F8430D20035A720 /* PBXContainerItemProxy */ = {
			isa = PBXContainerItemProxy;
			containerPortal = 5F38F5E81F8430D20035A720 /* Result.xcodeproj */;
			proxyType = 2;
			remoteGlobalIDString = D45480871A957362009D7229;
			remoteInfo = "Result-iOSTests";
		};
		5F38F5FA1F8430D20035A720 /* PBXContainerItemProxy */ = {
			isa = PBXContainerItemProxy;
			containerPortal = 5F38F5E81F8430D20035A720 /* Result.xcodeproj */;
			proxyType = 2;
			remoteGlobalIDString = 57FCDE471BA280DC00130C48;
			remoteInfo = "Result-tvOS";
		};
		5F38F5FC1F8430D20035A720 /* PBXContainerItemProxy */ = {
			isa = PBXContainerItemProxy;
			containerPortal = 5F38F5E81F8430D20035A720 /* Result.xcodeproj */;
			proxyType = 2;
			remoteGlobalIDString = 57FCDE541BA280E000130C48;
			remoteInfo = "Result-tvOSTests";
		};
		5F38F5FE1F8430D20035A720 /* PBXContainerItemProxy */ = {
			isa = PBXContainerItemProxy;
			containerPortal = 5F38F5E81F8430D20035A720 /* Result.xcodeproj */;
			proxyType = 2;
			remoteGlobalIDString = D03579A31B2B788F005D26AE;
			remoteInfo = "Result-watchOS";
		};
		5F8631C81F8427EC00BDD38F /* PBXContainerItemProxy */ = {
			isa = PBXContainerItemProxy;
			containerPortal = 5F8631BC1F8427EC00BDD38F /* SwiftGit2.xcodeproj */;
			proxyType = 2;
			remoteGlobalIDString = BEB31F231A0D6F7A00F525B9;
			remoteInfo = "SwiftGit2-OSX";
		};
		5F8631CA1F8427EC00BDD38F /* PBXContainerItemProxy */ = {
			isa = PBXContainerItemProxy;
			containerPortal = 5F8631BC1F8427EC00BDD38F /* SwiftGit2.xcodeproj */;
			proxyType = 2;
			remoteGlobalIDString = BEB31F2E1A0D6F7A00F525B9;
			remoteInfo = "SwiftGit2-OSXTests";
		};
		5F8631CC1F8427EC00BDD38F /* PBXContainerItemProxy */ = {
			isa = PBXContainerItemProxy;
			containerPortal = 5F8631BC1F8427EC00BDD38F /* SwiftGit2.xcodeproj */;
			proxyType = 2;
			remoteGlobalIDString = 621E66B41C72958800A0F352;
			remoteInfo = "SwiftGit2-iOS";
		};
		5F8631CE1F8427EC00BDD38F /* PBXContainerItemProxy */ = {
			isa = PBXContainerItemProxy;
			containerPortal = 5F8631BC1F8427EC00BDD38F /* SwiftGit2.xcodeproj */;
			proxyType = 2;
			remoteGlobalIDString = 621E66CE1C72958D00A0F352;
			remoteInfo = "SwiftGit2-iOSTests";
		};
		5F8631D01F8427EC00BDD38F /* PBXContainerItemProxy */ = {
			isa = PBXContainerItemProxy;
			containerPortal = 5F8631BC1F8427EC00BDD38F /* SwiftGit2.xcodeproj */;
			proxyType = 2;
			remoteGlobalIDString = BEB31F8F1A0E563900F525B9;
			remoteInfo = "libgit2-OSX";
		};
		5F8631D21F8427EC00BDD38F /* PBXContainerItemProxy */ = {
			isa = PBXContainerItemProxy;
			containerPortal = 5F8631BC1F8427EC00BDD38F /* SwiftGit2.xcodeproj */;
			proxyType = 2;
			remoteGlobalIDString = 621E66E11C729CE500A0F352;
			remoteInfo = "libgit2-iOS";
		};
		5F8631D41F8427EC00BDD38F /* PBXContainerItemProxy */ = {
			isa = PBXContainerItemProxy;
			containerPortal = 5F8631BC1F8427EC00BDD38F /* SwiftGit2.xcodeproj */;
			proxyType = 2;
			remoteGlobalIDString = 621E66EC1C729EB800A0F352;
			remoteInfo = "OpenSSL-iOS";
		};
		5F8631D61F8427EC00BDD38F /* PBXContainerItemProxy */ = {
			isa = PBXContainerItemProxy;
			containerPortal = 5F8631BC1F8427EC00BDD38F /* SwiftGit2.xcodeproj */;
			proxyType = 2;
			remoteGlobalIDString = 621E66F21C729EBB00A0F352;
			remoteInfo = "libssh2-iOS";
		};
/* End PBXContainerItemProxy section */

/* Begin PBXFileReference section */
		5F015FFB1F91DB03003C98CB /* InitialScene.sks */ = {isa = PBXFileReference; lastKnownFileType = file.sks; path = InitialScene.sks; sourceTree = "<group>"; };
		5F01600D1F91DB0C003C98CB /* InitialScene.swift */ = {isa = PBXFileReference; lastKnownFileType = sourcecode.swift; path = InitialScene.swift; sourceTree = "<group>"; };
		5F01600F1F91E0A1003C98CB /* MainScene.sks */ = {isa = PBXFileReference; lastKnownFileType = file.sks; path = MainScene.sks; sourceTree = "<group>"; };
		5F0160111F91E0AA003C98CB /* MainScene.swift */ = {isa = PBXFileReference; lastKnownFileType = sourcecode.swift; path = MainScene.swift; sourceTree = "<group>"; };
		5F08B9551F818AA30098FB82 /* Apricot.app */ = {isa = PBXFileReference; explicitFileType = wrapper.application; includeInIndex = 0; path = Apricot.app; sourceTree = BUILT_PRODUCTS_DIR; };
		5F08B9581F818AA30098FB82 /* AppDelegate.swift */ = {isa = PBXFileReference; lastKnownFileType = sourcecode.swift; path = AppDelegate.swift; sourceTree = "<group>"; };
		5F08B95A1F818AA30098FB82 /* ViewController.swift */ = {isa = PBXFileReference; lastKnownFileType = sourcecode.swift; path = ViewController.swift; sourceTree = "<group>"; };
		5F08B95C1F818AA30098FB82 /* Assets.xcassets */ = {isa = PBXFileReference; lastKnownFileType = folder.assetcatalog; path = Assets.xcassets; sourceTree = "<group>"; };
		5F08B95F1F818AA30098FB82 /* Base */ = {isa = PBXFileReference; lastKnownFileType = file.storyboard; name = Base; path = Base.lproj/Main.storyboard; sourceTree = "<group>"; };
		5F08B9611F818AA30098FB82 /* Info.plist */ = {isa = PBXFileReference; lastKnownFileType = text.plist.xml; path = Info.plist; sourceTree = "<group>"; };
		5F08B9621F818AA30098FB82 /* Apricot.entitlements */ = {isa = PBXFileReference; lastKnownFileType = text.plist.entitlements; path = Apricot.entitlements; sourceTree = "<group>"; };
		5F08B9671F818AA30098FB82 /* ApricotTests.xctest */ = {isa = PBXFileReference; explicitFileType = wrapper.cfbundle; includeInIndex = 0; path = ApricotTests.xctest; sourceTree = BUILT_PRODUCTS_DIR; };
		5F08B96B1F818AA30098FB82 /* ApricotTests.swift */ = {isa = PBXFileReference; lastKnownFileType = sourcecode.swift; path = ApricotTests.swift; sourceTree = "<group>"; };
		5F08B96D1F818AA30098FB82 /* Info.plist */ = {isa = PBXFileReference; lastKnownFileType = text.plist.xml; path = Info.plist; sourceTree = "<group>"; };
		5F08B9721F818AA30098FB82 /* ApricotUITests.xctest */ = {isa = PBXFileReference; explicitFileType = wrapper.cfbundle; includeInIndex = 0; path = ApricotUITests.xctest; sourceTree = BUILT_PRODUCTS_DIR; };
		5F08B9761F818AA30098FB82 /* ApricotUITests.swift */ = {isa = PBXFileReference; lastKnownFileType = sourcecode.swift; path = ApricotUITests.swift; sourceTree = "<group>"; };
		5F08B9781F818AA30098FB82 /* Info.plist */ = {isa = PBXFileReference; lastKnownFileType = text.plist.xml; path = Info.plist; sourceTree = "<group>"; };
		5F14CC3A1F915F2700B46B60 /* ErrorScene.sks */ = {isa = PBXFileReference; lastKnownFileType = file.sks; path = ErrorScene.sks; sourceTree = "<group>"; };
		5F14CC3B1F915F2700B46B60 /* ErrorScene.swift */ = {isa = PBXFileReference; fileEncoding = 4; lastKnownFileType = sourcecode.swift; path = ErrorScene.swift; sourceTree = "<group>"; };
		5F38F5E81F8430D20035A720 /* Result.xcodeproj */ = {isa = PBXFileReference; lastKnownFileType = "wrapper.pb-project"; name = Result.xcodeproj; path = lib/SwiftGit2/Carthage/Checkouts/Result/Result.xcodeproj; sourceTree = "<group>"; };
		5F48BD951F871CF9003DBB86 /* GameScene.swift */ = {isa = PBXFileReference; fileEncoding = 4; lastKnownFileType = sourcecode.swift; path = GameScene.swift; sourceTree = "<group>"; };
		5F48BDA51F871CF9003DBB86 /* Actions.sks */ = {isa = PBXFileReference; lastKnownFileType = file.sks; path = Actions.sks; sourceTree = "<group>"; };
		5F48BDA61F871CF9003DBB86 /* GameScene.sks */ = {isa = PBXFileReference; lastKnownFileType = file.sks; path = GameScene.sks; sourceTree = "<group>"; };
		5F8631BC1F8427EC00BDD38F /* SwiftGit2.xcodeproj */ = {isa = PBXFileReference; lastKnownFileType = "wrapper.pb-project"; name = SwiftGit2.xcodeproj; path = lib/SwiftGit2/SwiftGit2.xcodeproj; sourceTree = "<group>"; };
		5F92614F1F97E942009741CE /* CommitNode.swift */ = {isa = PBXFileReference; lastKnownFileType = sourcecode.swift; path = CommitNode.swift; sourceTree = "<group>"; };
		5F9261511F97E955009741CE /* LineNode.swift */ = {isa = PBXFileReference; lastKnownFileType = sourcecode.swift; path = LineNode.swift; sourceTree = "<group>"; };
		5FAD810C1F879E76003D3ACA /* Apricot.playground */ = {isa = PBXFileReference; lastKnownFileType = file.playground; path = Apricot.playground; sourceTree = "<group>"; xcLanguageSpecificationIdentifier = xcode.lang.swift; };
		5FB633391F82EFFC00E61EFD /* WindowController.swift */ = {isa = PBXFileReference; lastKnownFileType = sourcecode.swift; path = WindowController.swift; sourceTree = "<group>"; };
/* End PBXFileReference section */

/* Begin PBXFrameworksBuildPhase section */
		5F08B9521F818AA30098FB82 /* Frameworks */ = {
			isa = PBXFrameworksBuildPhase;
			buildActionMask = 2147483647;
			files = (
				5F8631D91F84283700BDD38F /* SwiftGit2.framework in Frameworks */,
			);
			runOnlyForDeploymentPostprocessing = 0;
		};
		5F08B9641F818AA30098FB82 /* Frameworks */ = {
			isa = PBXFrameworksBuildPhase;
			buildActionMask = 2147483647;
			files = (
			);
			runOnlyForDeploymentPostprocessing = 0;
		};
		5F08B96F1F818AA30098FB82 /* Frameworks */ = {
			isa = PBXFrameworksBuildPhase;
			buildActionMask = 2147483647;
			files = (
			);
			runOnlyForDeploymentPostprocessing = 0;
		};
/* End PBXFrameworksBuildPhase section */

/* Begin PBXGroup section */
		5F08B94C1F818AA30098FB82 = {
			isa = PBXGroup;
			children = (
				5F08B9571F818AA30098FB82 /* Apricot */,
				5F08B96A1F818AA30098FB82 /* ApricotTests */,
				5F08B9751F818AA30098FB82 /* ApricotUITests */,
				5F08B9561F818AA30098FB82 /* Products */,
				5F8631D81F84283700BDD38F /* Frameworks */,
				5F38F5E81F8430D20035A720 /* Result.xcodeproj */,
				5F8631BC1F8427EC00BDD38F /* SwiftGit2.xcodeproj */,
				5FAD810C1F879E76003D3ACA /* Apricot.playground */,
			);
			sourceTree = "<group>";
		};
		5F08B9561F818AA30098FB82 /* Products */ = {
			isa = PBXGroup;
			children = (
				5F08B9551F818AA30098FB82 /* Apricot.app */,
				5F08B9671F818AA30098FB82 /* ApricotTests.xctest */,
				5F08B9721F818AA30098FB82 /* ApricotUITests.xctest */,
			);
			name = Products;
			sourceTree = "<group>";
		};
		5F08B9571F818AA30098FB82 /* Apricot */ = {
			isa = PBXGroup;
			children = (
				5F92613E1F97E91E009741CE /* Nodes */,
				5F14CC351F915EE200B46B60 /* Scenes */,
				5F48BDA51F871CF9003DBB86 /* Actions.sks */,
				5F48BDA61F871CF9003DBB86 /* GameScene.sks */,
				5F48BD951F871CF9003DBB86 /* GameScene.swift */,
				5F08B9581F818AA30098FB82 /* AppDelegate.swift */,
				5FB633381F82EEC300E61EFD /* Controllers */,
				5FB633371F82ED9000E61EFD /* Resources */,
			);
			path = Apricot;
			sourceTree = "<group>";
		};
		5F08B96A1F818AA30098FB82 /* ApricotTests */ = {
			isa = PBXGroup;
			children = (
				5F08B96B1F818AA30098FB82 /* ApricotTests.swift */,
				5F08B96D1F818AA30098FB82 /* Info.plist */,
			);
			path = ApricotTests;
			sourceTree = "<group>";
		};
		5F08B9751F818AA30098FB82 /* ApricotUITests */ = {
			isa = PBXGroup;
			children = (
				5F08B9761F818AA30098FB82 /* ApricotUITests.swift */,
				5F08B9781F818AA30098FB82 /* Info.plist */,
			);
			path = ApricotUITests;
			sourceTree = "<group>";
		};
		5F14CC351F915EE200B46B60 /* Scenes */ = {
			isa = PBXGroup;
			children = (
				5F14CC3A1F915F2700B46B60 /* ErrorScene.sks */,
				5F14CC3B1F915F2700B46B60 /* ErrorScene.swift */,
				5F015FFB1F91DB03003C98CB /* InitialScene.sks */,
				5F01600D1F91DB0C003C98CB /* InitialScene.swift */,
				5F01600F1F91E0A1003C98CB /* MainScene.sks */,
				5F0160111F91E0AA003C98CB /* MainScene.swift */,
			);
			path = Scenes;
			sourceTree = "<group>";
		};
		5F38F5E91F8430D20035A720 /* Products */ = {
			isa = PBXGroup;
			children = (
				5F38F5F31F8430D20035A720 /* Result.framework */,
				5F38F5F51F8430D20035A720 /* Result-MacTests.xctest */,
				5F38F5F71F8430D20035A720 /* Result.framework */,
				5F38F5F91F8430D20035A720 /* Result-iOSTests.xctest */,
				5F38F5FB1F8430D20035A720 /* Result.framework */,
				5F38F5FD1F8430D20035A720 /* Result-tvOSTests.xctest */,
				5F38F5FF1F8430D20035A720 /* Result.framework */,
			);
			name = Products;
			sourceTree = "<group>";
		};
		5F8631BD1F8427EC00BDD38F /* Products */ = {
			isa = PBXGroup;
			children = (
				5F8631C91F8427EC00BDD38F /* SwiftGit2.framework */,
				5F8631CB1F8427EC00BDD38F /* SwiftGit2-OSXTests.xctest */,
				5F8631CD1F8427EC00BDD38F /* SwiftGit2.framework */,
				5F8631CF1F8427EC00BDD38F /* SwiftGit2-iOSTests.xctest */,
				5F8631D11F8427EC00BDD38F /* libgit2.a */,
				5F8631D31F8427EC00BDD38F /* libgit2.a */,
				5F8631D51F8427EC00BDD38F /* libssl.a */,
				5F8631D71F8427EC00BDD38F /* libssh2.a */,
			);
			name = Products;
			sourceTree = "<group>";
		};
		5F8631D81F84283700BDD38F /* Frameworks */ = {
			isa = PBXGroup;
			children = (
			);
			name = Frameworks;
			sourceTree = "<group>";
		};
		5F92613E1F97E91E009741CE /* Nodes */ = {
			isa = PBXGroup;
			children = (
				5F92614F1F97E942009741CE /* CommitNode.swift */,
				5F9261511F97E955009741CE /* LineNode.swift */,
			);
			path = Nodes;
			sourceTree = "<group>";
		};
		5FB633371F82ED9000E61EFD /* Resources */ = {
			isa = PBXGroup;
			children = (
				5F08B95C1F818AA30098FB82 /* Assets.xcassets */,
				5F08B95E1F818AA30098FB82 /* Main.storyboard */,
				5F08B9611F818AA30098FB82 /* Info.plist */,
				5F08B9621F818AA30098FB82 /* Apricot.entitlements */,
			);
			path = Resources;
			sourceTree = "<group>";
		};
		5FB633381F82EEC300E61EFD /* Controllers */ = {
			isa = PBXGroup;
			children = (
				5FB633391F82EFFC00E61EFD /* WindowController.swift */,
				5F08B95A1F818AA30098FB82 /* ViewController.swift */,
			);
			path = Controllers;
			sourceTree = "<group>";
		};
/* End PBXGroup section */

/* Begin PBXNativeTarget section */
		5F08B9541F818AA30098FB82 /* Apricot */ = {
			isa = PBXNativeTarget;
			buildConfigurationList = 5F08B97B1F818AA30098FB82 /* Build configuration list for PBXNativeTarget "Apricot" */;
			buildPhases = (
				5F08B9511F818AA30098FB82 /* Sources */,
				5F08B9521F818AA30098FB82 /* Frameworks */,
				5F08B9531F818AA30098FB82 /* Resources */,
			);
			buildRules = (
			);
			dependencies = (
			);
			name = Apricot;
			productName = Apricot;
			productReference = 5F08B9551F818AA30098FB82 /* Apricot.app */;
			productType = "com.apple.product-type.application";
		};
		5F08B9661F818AA30098FB82 /* ApricotTests */ = {
			isa = PBXNativeTarget;
			buildConfigurationList = 5F08B97E1F818AA30098FB82 /* Build configuration list for PBXNativeTarget "ApricotTests" */;
			buildPhases = (
				5F08B9631F818AA30098FB82 /* Sources */,
				5F08B9641F818AA30098FB82 /* Frameworks */,
				5F08B9651F818AA30098FB82 /* Resources */,
			);
			buildRules = (
			);
			dependencies = (
				5F08B9691F818AA30098FB82 /* PBXTargetDependency */,
			);
			name = ApricotTests;
			productName = ApricotTests;
			productReference = 5F08B9671F818AA30098FB82 /* ApricotTests.xctest */;
			productType = "com.apple.product-type.bundle.unit-test";
		};
		5F08B9711F818AA30098FB82 /* ApricotUITests */ = {
			isa = PBXNativeTarget;
			buildConfigurationList = 5F08B9811F818AA30098FB82 /* Build configuration list for PBXNativeTarget "ApricotUITests" */;
			buildPhases = (
				5F08B96E1F818AA30098FB82 /* Sources */,
				5F08B96F1F818AA30098FB82 /* Frameworks */,
				5F08B9701F818AA30098FB82 /* Resources */,
			);
			buildRules = (
			);
			dependencies = (
				5F08B9741F818AA30098FB82 /* PBXTargetDependency */,
			);
			name = ApricotUITests;
			productName = ApricotUITests;
			productReference = 5F08B9721F818AA30098FB82 /* ApricotUITests.xctest */;
			productType = "com.apple.product-type.bundle.ui-testing";
		};
/* End PBXNativeTarget section */

/* Begin PBXProject section */
		5F08B94D1F818AA30098FB82 /* Project object */ = {
			isa = PBXProject;
			attributes = {
				LastSwiftUpdateCheck = 0900;
				LastUpgradeCheck = 0900;
				ORGANIZATIONNAME = "Donny Kurniawan";
				TargetAttributes = {
					5F08B9541F818AA30098FB82 = {
						CreatedOnToolsVersion = 9.0;
						ProvisioningStyle = Automatic;
					};
					5F08B9661F818AA30098FB82 = {
						CreatedOnToolsVersion = 9.0;
						ProvisioningStyle = Automatic;
						TestTargetID = 5F08B9541F818AA30098FB82;
					};
					5F08B9711F818AA30098FB82 = {
						CreatedOnToolsVersion = 9.0;
						ProvisioningStyle = Automatic;
						TestTargetID = 5F08B9541F818AA30098FB82;
					};
				};
			};
			buildConfigurationList = 5F08B9501F818AA30098FB82 /* Build configuration list for PBXProject "Apricot" */;
			compatibilityVersion = "Xcode 8.0";
			developmentRegion = en;
			hasScannedForEncodings = 0;
			knownRegions = (
				en,
				Base,
			);
			mainGroup = 5F08B94C1F818AA30098FB82;
			productRefGroup = 5F08B9561F818AA30098FB82 /* Products */;
			projectDirPath = "";
			projectReferences = (
				{
					ProductGroup = 5F38F5E91F8430D20035A720 /* Products */;
					ProjectRef = 5F38F5E81F8430D20035A720 /* Result.xcodeproj */;
				},
				{
					ProductGroup = 5F8631BD1F8427EC00BDD38F /* Products */;
					ProjectRef = 5F8631BC1F8427EC00BDD38F /* SwiftGit2.xcodeproj */;
				},
			);
			projectRoot = "";
			targets = (
				5F08B9541F818AA30098FB82 /* Apricot */,
				5F08B9661F818AA30098FB82 /* ApricotTests */,
				5F08B9711F818AA30098FB82 /* ApricotUITests */,
			);
		};
/* End PBXProject section */

/* Begin PBXReferenceProxy section */
		5F38F5F31F8430D20035A720 /* Result.framework */ = {
			isa = PBXReferenceProxy;
			fileType = wrapper.framework;
			path = Result.framework;
			remoteRef = 5F38F5F21F8430D20035A720 /* PBXContainerItemProxy */;
			sourceTree = BUILT_PRODUCTS_DIR;
		};
		5F38F5F51F8430D20035A720 /* Result-MacTests.xctest */ = {
			isa = PBXReferenceProxy;
			fileType = wrapper.cfbundle;
			path = "Result-MacTests.xctest";
			remoteRef = 5F38F5F41F8430D20035A720 /* PBXContainerItemProxy */;
			sourceTree = BUILT_PRODUCTS_DIR;
		};
		5F38F5F71F8430D20035A720 /* Result.framework */ = {
			isa = PBXReferenceProxy;
			fileType = wrapper.framework;
			path = Result.framework;
			remoteRef = 5F38F5F61F8430D20035A720 /* PBXContainerItemProxy */;
			sourceTree = BUILT_PRODUCTS_DIR;
		};
		5F38F5F91F8430D20035A720 /* Result-iOSTests.xctest */ = {
			isa = PBXReferenceProxy;
			fileType = wrapper.cfbundle;
			path = "Result-iOSTests.xctest";
			remoteRef = 5F38F5F81F8430D20035A720 /* PBXContainerItemProxy */;
			sourceTree = BUILT_PRODUCTS_DIR;
		};
		5F38F5FB1F8430D20035A720 /* Result.framework */ = {
			isa = PBXReferenceProxy;
			fileType = wrapper.framework;
			path = Result.framework;
			remoteRef = 5F38F5FA1F8430D20035A720 /* PBXContainerItemProxy */;
			sourceTree = BUILT_PRODUCTS_DIR;
		};
		5F38F5FD1F8430D20035A720 /* Result-tvOSTests.xctest */ = {
			isa = PBXReferenceProxy;
			fileType = wrapper.cfbundle;
			path = "Result-tvOSTests.xctest";
			remoteRef = 5F38F5FC1F8430D20035A720 /* PBXContainerItemProxy */;
			sourceTree = BUILT_PRODUCTS_DIR;
		};
		5F38F5FF1F8430D20035A720 /* Result.framework */ = {
			isa = PBXReferenceProxy;
			fileType = wrapper.framework;
			path = Result.framework;
			remoteRef = 5F38F5FE1F8430D20035A720 /* PBXContainerItemProxy */;
			sourceTree = BUILT_PRODUCTS_DIR;
		};
		5F8631C91F8427EC00BDD38F /* SwiftGit2.framework */ = {
			isa = PBXReferenceProxy;
			fileType = wrapper.framework;
			path = SwiftGit2.framework;
			remoteRef = 5F8631C81F8427EC00BDD38F /* PBXContainerItemProxy */;
			sourceTree = BUILT_PRODUCTS_DIR;
		};
		5F8631CB1F8427EC00BDD38F /* SwiftGit2-OSXTests.xctest */ = {
			isa = PBXReferenceProxy;
			fileType = wrapper.cfbundle;
			path = "SwiftGit2-OSXTests.xctest";
			remoteRef = 5F8631CA1F8427EC00BDD38F /* PBXContainerItemProxy */;
			sourceTree = BUILT_PRODUCTS_DIR;
		};
		5F8631CD1F8427EC00BDD38F /* SwiftGit2.framework */ = {
			isa = PBXReferenceProxy;
			fileType = wrapper.framework;
			path = SwiftGit2.framework;
			remoteRef = 5F8631CC1F8427EC00BDD38F /* PBXContainerItemProxy */;
			sourceTree = BUILT_PRODUCTS_DIR;
		};
		5F8631CF1F8427EC00BDD38F /* SwiftGit2-iOSTests.xctest */ = {
			isa = PBXReferenceProxy;
			fileType = wrapper.cfbundle;
			path = "SwiftGit2-iOSTests.xctest";
			remoteRef = 5F8631CE1F8427EC00BDD38F /* PBXContainerItemProxy */;
			sourceTree = BUILT_PRODUCTS_DIR;
		};
		5F8631D11F8427EC00BDD38F /* libgit2.a */ = {
			isa = PBXReferenceProxy;
			fileType = archive.ar;
			path = libgit2.a;
			remoteRef = 5F8631D01F8427EC00BDD38F /* PBXContainerItemProxy */;
			sourceTree = BUILT_PRODUCTS_DIR;
		};
		5F8631D31F8427EC00BDD38F /* libgit2.a */ = {
			isa = PBXReferenceProxy;
			fileType = archive.ar;
			path = libgit2.a;
			remoteRef = 5F8631D21F8427EC00BDD38F /* PBXContainerItemProxy */;
			sourceTree = BUILT_PRODUCTS_DIR;
		};
		5F8631D51F8427EC00BDD38F /* libssl.a */ = {
			isa = PBXReferenceProxy;
			fileType = archive.ar;
			path = libssl.a;
			remoteRef = 5F8631D41F8427EC00BDD38F /* PBXContainerItemProxy */;
			sourceTree = BUILT_PRODUCTS_DIR;
		};
		5F8631D71F8427EC00BDD38F /* libssh2.a */ = {
			isa = PBXReferenceProxy;
			fileType = archive.ar;
			path = libssh2.a;
			remoteRef = 5F8631D61F8427EC00BDD38F /* PBXContainerItemProxy */;
			sourceTree = BUILT_PRODUCTS_DIR;
		};
/* End PBXReferenceProxy section */

/* Begin PBXResourcesBuildPhase section */
		5F08B9531F818AA30098FB82 /* Resources */ = {
			isa = PBXResourcesBuildPhase;
			buildActionMask = 2147483647;
			files = (
				5F14CC3C1F915F2700B46B60 /* ErrorScene.sks in Resources */,
				5F48BDA91F871CFA003DBB86 /* GameScene.sks in Resources */,
				5F08B95D1F818AA30098FB82 /* Assets.xcassets in Resources */,
				5F015FFC1F91DB03003C98CB /* InitialScene.sks in Resources */,
				5F0160101F91E0A1003C98CB /* MainScene.sks in Resources */,
				5F48BDA81F871CFA003DBB86 /* Actions.sks in Resources */,
				5F08B9601F818AA30098FB82 /* Main.storyboard in Resources */,
			);
			runOnlyForDeploymentPostprocessing = 0;
		};
		5F08B9651F818AA30098FB82 /* Resources */ = {
			isa = PBXResourcesBuildPhase;
			buildActionMask = 2147483647;
			files = (
			);
			runOnlyForDeploymentPostprocessing = 0;
		};
		5F08B9701F818AA30098FB82 /* Resources */ = {
			isa = PBXResourcesBuildPhase;
			buildActionMask = 2147483647;
			files = (
			);
			runOnlyForDeploymentPostprocessing = 0;
		};
/* End PBXResourcesBuildPhase section */

/* Begin PBXSourcesBuildPhase section */
		5F08B9511F818AA30098FB82 /* Sources */ = {
			isa = PBXSourcesBuildPhase;
			buildActionMask = 2147483647;
			files = (
				5F08B95B1F818AA30098FB82 /* ViewController.swift in Sources */,
				5F9261521F97E955009741CE /* LineNode.swift in Sources */,
				5F08B9591F818AA30098FB82 /* AppDelegate.swift in Sources */,
				5F9261501F97E942009741CE /* CommitNode.swift in Sources */,
				5F48BDA71F871CFA003DBB86 /* GameScene.swift in Sources */,
				5F0160121F91E0AA003C98CB /* MainScene.swift in Sources */,
				5F01600E1F91DB0C003C98CB /* InitialScene.swift in Sources */,
				5FB6333A1F82EFFC00E61EFD /* WindowController.swift in Sources */,
				5F14CC3D1F915F2700B46B60 /* ErrorScene.swift in Sources */,
			);
			runOnlyForDeploymentPostprocessing = 0;
		};
		5F08B9631F818AA30098FB82 /* Sources */ = {
			isa = PBXSourcesBuildPhase;
			buildActionMask = 2147483647;
			files = (
				5F08B96C1F818AA30098FB82 /* ApricotTests.swift in Sources */,
			);
			runOnlyForDeploymentPostprocessing = 0;
		};
		5F08B96E1F818AA30098FB82 /* Sources */ = {
			isa = PBXSourcesBuildPhase;
			buildActionMask = 2147483647;
			files = (
				5F08B9771F818AA30098FB82 /* ApricotUITests.swift in Sources */,
			);
			runOnlyForDeploymentPostprocessing = 0;
		};
/* End PBXSourcesBuildPhase section */

/* Begin PBXTargetDependency section */
		5F08B9691F818AA30098FB82 /* PBXTargetDependency */ = {
			isa = PBXTargetDependency;
			target = 5F08B9541F818AA30098FB82 /* Apricot */;
			targetProxy = 5F08B9681F818AA30098FB82 /* PBXContainerItemProxy */;
		};
		5F08B9741F818AA30098FB82 /* PBXTargetDependency */ = {
			isa = PBXTargetDependency;
			target = 5F08B9541F818AA30098FB82 /* Apricot */;
			targetProxy = 5F08B9731F818AA30098FB82 /* PBXContainerItemProxy */;
		};
/* End PBXTargetDependency section */

/* Begin PBXVariantGroup section */
		5F08B95E1F818AA30098FB82 /* Main.storyboard */ = {
			isa = PBXVariantGroup;
			children = (
				5F08B95F1F818AA30098FB82 /* Base */,
			);
			name = Main.storyboard;
			sourceTree = "<group>";
		};
/* End PBXVariantGroup section */

/* Begin XCBuildConfiguration section */
		5F08B9791F818AA30098FB82 /* Debug */ = {
			isa = XCBuildConfiguration;
			buildSettings = {
				ALWAYS_SEARCH_USER_PATHS = NO;
				CLANG_ANALYZER_NONNULL = YES;
				CLANG_ANALYZER_NUMBER_OBJECT_CONVERSION = YES_AGGRESSIVE;
				CLANG_CXX_LANGUAGE_STANDARD = "gnu++14";
				CLANG_CXX_LIBRARY = "libc++";
				CLANG_ENABLE_MODULES = YES;
				CLANG_ENABLE_OBJC_ARC = YES;
				CLANG_WARN_BLOCK_CAPTURE_AUTORELEASING = YES;
				CLANG_WARN_BOOL_CONVERSION = YES;
				CLANG_WARN_COMMA = YES;
				CLANG_WARN_CONSTANT_CONVERSION = YES;
				CLANG_WARN_DIRECT_OBJC_ISA_USAGE = YES_ERROR;
				CLANG_WARN_DOCUMENTATION_COMMENTS = YES;
				CLANG_WARN_EMPTY_BODY = YES;
				CLANG_WARN_ENUM_CONVERSION = YES;
				CLANG_WARN_INFINITE_RECURSION = YES;
				CLANG_WARN_INT_CONVERSION = YES;
				CLANG_WARN_NON_LITERAL_NULL_CONVERSION = YES;
				CLANG_WARN_OBJC_LITERAL_CONVERSION = YES;
				CLANG_WARN_OBJC_ROOT_CLASS = YES_ERROR;
				CLANG_WARN_RANGE_LOOP_ANALYSIS = YES;
				CLANG_WARN_STRICT_PROTOTYPES = YES;
				CLANG_WARN_SUSPICIOUS_MOVE = YES;
				CLANG_WARN_UNGUARDED_AVAILABILITY = YES_AGGRESSIVE;
				CLANG_WARN_UNREACHABLE_CODE = YES;
				CLANG_WARN__DUPLICATE_METHOD_MATCH = YES;
				CODE_SIGN_IDENTITY = "-";
				COPY_PHASE_STRIP = NO;
				DEBUG_INFORMATION_FORMAT = dwarf;
				ENABLE_STRICT_OBJC_MSGSEND = YES;
				ENABLE_TESTABILITY = YES;
				GCC_C_LANGUAGE_STANDARD = gnu11;
				GCC_DYNAMIC_NO_PIC = NO;
				GCC_NO_COMMON_BLOCKS = YES;
				GCC_OPTIMIZATION_LEVEL = 0;
				GCC_PREPROCESSOR_DEFINITIONS = (
					"DEBUG=1",
					"$(inherited)",
				);
				GCC_WARN_64_TO_32_BIT_CONVERSION = YES;
				GCC_WARN_ABOUT_RETURN_TYPE = YES_ERROR;
				GCC_WARN_UNDECLARED_SELECTOR = YES;
				GCC_WARN_UNINITIALIZED_AUTOS = YES_AGGRESSIVE;
				GCC_WARN_UNUSED_FUNCTION = YES;
				GCC_WARN_UNUSED_VARIABLE = YES;
				MACOSX_DEPLOYMENT_TARGET = 10.13;
				MTL_ENABLE_DEBUG_INFO = YES;
				ONLY_ACTIVE_ARCH = YES;
				SDKROOT = macosx;
				SWIFT_ACTIVE_COMPILATION_CONDITIONS = DEBUG;
				SWIFT_OPTIMIZATION_LEVEL = "-Onone";
			};
			name = Debug;
		};
		5F08B97A1F818AA30098FB82 /* Release */ = {
			isa = XCBuildConfiguration;
			buildSettings = {
				ALWAYS_SEARCH_USER_PATHS = NO;
				CLANG_ANALYZER_NONNULL = YES;
				CLANG_ANALYZER_NUMBER_OBJECT_CONVERSION = YES_AGGRESSIVE;
				CLANG_CXX_LANGUAGE_STANDARD = "gnu++14";
				CLANG_CXX_LIBRARY = "libc++";
				CLANG_ENABLE_MODULES = YES;
				CLANG_ENABLE_OBJC_ARC = YES;
				CLANG_WARN_BLOCK_CAPTURE_AUTORELEASING = YES;
				CLANG_WARN_BOOL_CONVERSION = YES;
				CLANG_WARN_COMMA = YES;
				CLANG_WARN_CONSTANT_CONVERSION = YES;
				CLANG_WARN_DIRECT_OBJC_ISA_USAGE = YES_ERROR;
				CLANG_WARN_DOCUMENTATION_COMMENTS = YES;
				CLANG_WARN_EMPTY_BODY = YES;
				CLANG_WARN_ENUM_CONVERSION = YES;
				CLANG_WARN_INFINITE_RECURSION = YES;
				CLANG_WARN_INT_CONVERSION = YES;
				CLANG_WARN_NON_LITERAL_NULL_CONVERSION = YES;
				CLANG_WARN_OBJC_LITERAL_CONVERSION = YES;
				CLANG_WARN_OBJC_ROOT_CLASS = YES_ERROR;
				CLANG_WARN_RANGE_LOOP_ANALYSIS = YES;
				CLANG_WARN_STRICT_PROTOTYPES = YES;
				CLANG_WARN_SUSPICIOUS_MOVE = YES;
				CLANG_WARN_UNGUARDED_AVAILABILITY = YES_AGGRESSIVE;
				CLANG_WARN_UNREACHABLE_CODE = YES;
				CLANG_WARN__DUPLICATE_METHOD_MATCH = YES;
				CODE_SIGN_IDENTITY = "-";
				COPY_PHASE_STRIP = NO;
				DEBUG_INFORMATION_FORMAT = "dwarf-with-dsym";
				ENABLE_NS_ASSERTIONS = NO;
				ENABLE_STRICT_OBJC_MSGSEND = YES;
				GCC_C_LANGUAGE_STANDARD = gnu11;
				GCC_NO_COMMON_BLOCKS = YES;
				GCC_WARN_64_TO_32_BIT_CONVERSION = YES;
				GCC_WARN_ABOUT_RETURN_TYPE = YES_ERROR;
				GCC_WARN_UNDECLARED_SELECTOR = YES;
				GCC_WARN_UNINITIALIZED_AUTOS = YES_AGGRESSIVE;
				GCC_WARN_UNUSED_FUNCTION = YES;
				GCC_WARN_UNUSED_VARIABLE = YES;
				MACOSX_DEPLOYMENT_TARGET = 10.13;
				MTL_ENABLE_DEBUG_INFO = NO;
				SDKROOT = macosx;
				SWIFT_OPTIMIZATION_LEVEL = "-Owholemodule";
			};
			name = Release;
		};
		5F08B97C1F818AA30098FB82 /* Debug */ = {
			isa = XCBuildConfiguration;
			buildSettings = {
				ASSETCATALOG_COMPILER_APPICON_NAME = AppIcon;
				CODE_SIGN_ENTITLEMENTS = Apricot/Resources/Apricot.entitlements;
				CODE_SIGN_STYLE = Automatic;
				COMBINE_HIDPI_IMAGES = YES;
				INFOPLIST_FILE = "$(SRCROOT)/Apricot/Resources/Info.plist";
				LD_RUNPATH_SEARCH_PATHS = "$(inherited) @executable_path/../Frameworks";
				PRODUCT_BUNDLE_IDENTIFIER = com.worqbench.Apricot;
				PRODUCT_NAME = "$(TARGET_NAME)";
				SWIFT_VERSION = 4.0;
			};
			name = Debug;
		};
		5F08B97D1F818AA30098FB82 /* Release */ = {
			isa = XCBuildConfiguration;
			buildSettings = {
				ASSETCATALOG_COMPILER_APPICON_NAME = AppIcon;
				CODE_SIGN_ENTITLEMENTS = Apricot/Resources/Apricot.entitlements;
				CODE_SIGN_STYLE = Automatic;
				COMBINE_HIDPI_IMAGES = YES;
				INFOPLIST_FILE = "$(SRCROOT)/Apricot/Resources/Info.plist";
				LD_RUNPATH_SEARCH_PATHS = "$(inherited) @executable_path/../Frameworks";
				PRODUCT_BUNDLE_IDENTIFIER = com.worqbench.Apricot;
				PRODUCT_NAME = "$(TARGET_NAME)";
				SWIFT_VERSION = 4.0;
			};
			name = Release;
		};
		5F08B97F1F818AA30098FB82 /* Debug */ = {
			isa = XCBuildConfiguration;
			buildSettings = {
				ALWAYS_EMBED_SWIFT_STANDARD_LIBRARIES = YES;
				BUNDLE_LOADER = "$(TEST_HOST)";
				CODE_SIGN_STYLE = Automatic;
				COMBINE_HIDPI_IMAGES = YES;
				INFOPLIST_FILE = ApricotTests/Info.plist;
				LD_RUNPATH_SEARCH_PATHS = "$(inherited) @executable_path/../Frameworks @loader_path/../Frameworks";
				PRODUCT_BUNDLE_IDENTIFIER = com.worqbench.ApricotTests;
				PRODUCT_NAME = "$(TARGET_NAME)";
				SWIFT_VERSION = 4.0;
				TEST_HOST = "$(BUILT_PRODUCTS_DIR)/Apricot.app/Contents/MacOS/Apricot";
			};
			name = Debug;
		};
		5F08B9801F818AA30098FB82 /* Release */ = {
			isa = XCBuildConfiguration;
			buildSettings = {
				ALWAYS_EMBED_SWIFT_STANDARD_LIBRARIES = YES;
				BUNDLE_LOADER = "$(TEST_HOST)";
				CODE_SIGN_STYLE = Automatic;
				COMBINE_HIDPI_IMAGES = YES;
				INFOPLIST_FILE = ApricotTests/Info.plist;
				LD_RUNPATH_SEARCH_PATHS = "$(inherited) @executable_path/../Frameworks @loader_path/../Frameworks";
				PRODUCT_BUNDLE_IDENTIFIER = com.worqbench.ApricotTests;
				PRODUCT_NAME = "$(TARGET_NAME)";
				SWIFT_VERSION = 4.0;
				TEST_HOST = "$(BUILT_PRODUCTS_DIR)/Apricot.app/Contents/MacOS/Apricot";
			};
			name = Release;
		};
		5F08B9821F818AA30098FB82 /* Debug */ = {
			isa = XCBuildConfiguration;
			buildSettings = {
				ALWAYS_EMBED_SWIFT_STANDARD_LIBRARIES = YES;
				CODE_SIGN_STYLE = Automatic;
				COMBINE_HIDPI_IMAGES = YES;
				INFOPLIST_FILE = ApricotUITests/Info.plist;
				LD_RUNPATH_SEARCH_PATHS = "$(inherited) @executable_path/../Frameworks @loader_path/../Frameworks";
				PRODUCT_BUNDLE_IDENTIFIER = com.worqbench.ApricotUITests;
				PRODUCT_NAME = "$(TARGET_NAME)";
				SWIFT_VERSION = 4.0;
				TEST_TARGET_NAME = Apricot;
			};
			name = Debug;
		};
		5F08B9831F818AA30098FB82 /* Release */ = {
			isa = XCBuildConfiguration;
			buildSettings = {
				ALWAYS_EMBED_SWIFT_STANDARD_LIBRARIES = YES;
				CODE_SIGN_STYLE = Automatic;
				COMBINE_HIDPI_IMAGES = YES;
				INFOPLIST_FILE = ApricotUITests/Info.plist;
				LD_RUNPATH_SEARCH_PATHS = "$(inherited) @executable_path/../Frameworks @loader_path/../Frameworks";
				PRODUCT_BUNDLE_IDENTIFIER = com.worqbench.ApricotUITests;
				PRODUCT_NAME = "$(TARGET_NAME)";
				SWIFT_VERSION = 4.0;
				TEST_TARGET_NAME = Apricot;
			};
			name = Release;
		};
/* End XCBuildConfiguration section */

/* Begin XCConfigurationList section */
		5F08B9501F818AA30098FB82 /* Build configuration list for PBXProject "Apricot" */ = {
			isa = XCConfigurationList;
			buildConfigurations = (
				5F08B9791F818AA30098FB82 /* Debug */,
				5F08B97A1F818AA30098FB82 /* Release */,
			);
			defaultConfigurationIsVisible = 0;
			defaultConfigurationName = Release;
		};
		5F08B97B1F818AA30098FB82 /* Build configuration list for PBXNativeTarget "Apricot" */ = {
			isa = XCConfigurationList;
			buildConfigurations = (
				5F08B97C1F818AA30098FB82 /* Debug */,
				5F08B97D1F818AA30098FB82 /* Release */,
			);
			defaultConfigurationIsVisible = 0;
			defaultConfigurationName = Release;
		};
		5F08B97E1F818AA30098FB82 /* Build configuration list for PBXNativeTarget "ApricotTests" */ = {
			isa = XCConfigurationList;
			buildConfigurations = (
				5F08B97F1F818AA30098FB82 /* Debug */,
				5F08B9801F818AA30098FB82 /* Release */,
			);
			defaultConfigurationIsVisible = 0;
			defaultConfigurationName = Release;
		};
		5F08B9811F818AA30098FB82 /* Build configuration list for PBXNativeTarget "ApricotUITests" */ = {
			isa = XCConfigurationList;
			buildConfigurations = (
				5F08B9821F818AA30098FB82 /* Debug */,
				5F08B9831F818AA30098FB82 /* Release */,
			);
			defaultConfigurationIsVisible = 0;
			defaultConfigurationName = Release;
		};
/* End XCConfigurationList section */
	};
	rootObject = 5F08B94D1F818AA30098FB82 /* Project object */;
}
